
Microsoft Visual Studio Solution File, Format Version 12.00
# Visual Studio 2013
VisualStudioVersion = 12.0.30324.0
MinimumVisualStudioVersion = 10.0.40219.1
Project("{FAE04EC0-301F-11D3-BF4B-00C04F79EFBC}") = "Rocket.WP8", "Rocket.WP8\Rocket.WP8.csproj", "{FB407CDB-4116-43B6-91A8-A3D44C97A7AB}"
EndProject
Project("{FAE04EC0-301F-11D3-BF4B-00C04F79EFBC}") = "Rocket.UnitTest", "Rocket.UnitTest\Rocket.UnitTest.csproj", "{450A82E7-D3FD-4EB6-B06B-BFEBFDFA9940}"
EndProject
Project("{FAE04EC0-301F-11D3-BF4B-00C04F79EFBC}") = "Rocket.Data", "Rocket.Data\Rocket.Data.csproj", "{72569DB1-6C33-4354-8C74-584A214844E9}"
EndProject
Project("{FAE04EC0-301F-11D3-BF4B-00C04F79EFBC}") = "Rocket.Api", "Rocket.Api\Rocket.Api.csproj", "{DBA97455-37E6-444D-9250-5909C10EA65B}"
EndProject
Project("{FAE04EC0-301F-11D3-BF4B-00C04F79EFBC}") = "Rocket.Tools", "Rocket.Tools\Rocket.Tools.csproj", "{3EF32B11-E309-4138-AC75-220C5164FC53}"
EndProject
Global
	GlobalSection(SolutionConfigurationPlatforms) = preSolution
		Debug|Any CPU = Debug|Any CPU
		Debug|ARM = Debug|ARM
		Debug|Mixed Platforms = Debug|Mixed Platforms
		Debug|x86 = Debug|x86
		Release|Any CPU = Release|Any CPU
		Release|ARM = Release|ARM
		Release|Mixed Platforms = Release|Mixed Platforms
		Release|x86 = Release|x86
	EndGlobalSection
	GlobalSection(ProjectConfigurationPlatforms) = postSolution
		{FB407CDB-4116-43B6-91A8-A3D44C97A7AB}.Debug|Any CPU.ActiveCfg = Debug|Any CPU
		{FB407CDB-4116-43B6-91A8-A3D44C97A7AB}.Debug|Any CPU.Build.0 = Debug|Any CPU
		{FB407CDB-4116-43B6-91A8-A3D44C97A7AB}.Debug|Any CPU.Deploy.0 = Debug|Any CPU
		{FB407CDB-4116-43B6-91A8-A3D44C97A7AB}.Debug|ARM.ActiveCfg = Debug|ARM
		{FB407CDB-4116-43B6-91A8-A3D44C97A7AB}.Debug|ARM.Build.0 = Debug|ARM
		{FB407CDB-4116-43B6-91A8-A3D44C97A7AB}.Debug|ARM.Deploy.0 = Debug|ARM
		{FB407CDB-4116-43B6-91A8-A3D44C97A7AB}.Debug|Mixed Platforms.ActiveCfg = Debug|Any CPU
		{FB407CDB-4116-43B6-91A8-A3D44C97A7AB}.Debug|Mixed Platforms.Build.0 = Debug|Any CPU
		{FB407CDB-4116-43B6-91A8-A3D44C97A7AB}.Debug|Mixed Platforms.Deploy.0 = Debug|Any CPU
		{FB407CDB-4116-43B6-91A8-A3D44C97A7AB}.Debug|x86.ActiveCfg = Debug|x86
		{FB407CDB-4116-43B6-91A8-A3D44C97A7AB}.Debug|x86.Build.0 = Debug|x86
		{FB407CDB-4116-43B6-91A8-A3D44C97A7AB}.Debug|x86.Deploy.0 = Debug|x86
		{FB407CDB-4116-43B6-91A8-A3D44C97A7AB}.Release|Any CPU.ActiveCfg = Release|Any CPU
		{FB407CDB-4116-43B6-91A8-A3D44C97A7AB}.Release|Any CPU.Build.0 = Release|Any CPU
		{FB407CDB-4116-43B6-91A8-A3D44C97A7AB}.Release|Any CPU.Deploy.0 = Release|Any CPU
		{FB407CDB-4116-43B6-91A8-A3D44C97A7AB}.Release|ARM.ActiveCfg = Release|ARM
		{FB407CDB-4116-43B6-91A8-A3D44C97A7AB}.Release|ARM.Build.0 = Release|ARM
		{FB407CDB-4116-43B6-91A8-A3D44C97A7AB}.Release|ARM.Deploy.0 = Release|ARM
		{FB407CDB-4116-43B6-91A8-A3D44C97A7AB}.Release|Mixed Platforms.ActiveCfg = Release|x86
		{FB407CDB-4116-43B6-91A8-A3D44C97A7AB}.Release|Mixed Platforms.Build.0 = Release|x86
		{FB407CDB-4116-43B6-91A8-A3D44C97A7AB}.Release|Mixed Platforms.Deploy.0 = Release|x86
		{FB407CDB-4116-43B6-91A8-A3D44C97A7AB}.Release|x86.ActiveCfg = Release|x86
		{FB407CDB-4116-43B6-91A8-A3D44C97A7AB}.Release|x86.Build.0 = Release|x86
		{FB407CDB-4116-43B6-91A8-A3D44C97A7AB}.Release|x86.Deploy.0 = Release|x86
		{450A82E7-D3FD-4EB6-B06B-BFEBFDFA9940}.Debug|Any CPU.ActiveCfg = Debug|Any CPU
		{450A82E7-D3FD-4EB6-B06B-BFEBFDFA9940}.Debug|Any CPU.Build.0 = Debug|Any CPU
		{450A82E7-D3FD-4EB6-B06B-BFEBFDFA9940}.Debug|ARM.ActiveCfg = Debug|Any CPU
		{450A82E7-D3FD-4EB6-B06B-BFEBFDFA9940}.Debug|Mixed Platforms.ActiveCfg = Debug|Any CPU
		{450A82E7-D3FD-4EB6-B06B-BFEBFDFA9940}.Debug|Mixed Platforms.Build.0 = Debug|Any CPU
		{450A82E7-D3FD-4EB6-B06B-BFEBFDFA9940}.Debug|x86.ActiveCfg = Debug|Any CPU
		{450A82E7-D3FD-4EB6-B06B-BFEBFDFA9940}.Release|Any CPU.ActiveCfg = Release|Any CPU
		{450A82E7-D3FD-4EB6-B06B-BFEBFDFA9940}.Release|Any CPU.Build.0 = Release|Any CPU
		{450A82E7-D3FD-4EB6-B06B-BFEBFDFA9940}.Release|ARM.ActiveCfg = Release|Any CPU
		{450A82E7-D3FD-4EB6-B06B-BFEBFDFA9940}.Release|Mixed Platforms.ActiveCfg = Release|Any CPU
		{450A82E7-D3FD-4EB6-B06B-BFEBFDFA9940}.Release|Mixed Platforms.Build.0 = Release|Any CPU
		{450A82E7-D3FD-4EB6-B06B-BFEBFDFA9940}.Release|x86.ActiveCfg = Release|Any CPU
		{72569DB1-6C33-4354-8C74-584A214844E9}.Debug|Any CPU.ActiveCfg = Debug|Any CPU
		{72569DB1-6C33-4354-8C74-584A214844E9}.Debug|Any CPU.Build.0 = Debug|Any CPU
		{72569DB1-6C33-4354-8C74-584A214844E9}.Debug|ARM.ActiveCfg = Debug|ARM
		{72569DB1-6C33-4354-8C74-584A214844E9}.Debug|ARM.Build.0 = Debug|ARM
		{72569DB1-6C33-4354-8C74-584A214844E9}.Debug|Mixed Platforms.ActiveCfg = Debug|Any CPU
		{72569DB1-6C33-4354-8C74-584A214844E9}.Debug|Mixed Platforms.Build.0 = Debug|Any CPU
		{72569DB1-6C33-4354-8C74-584A214844E9}.Debug|x86.ActiveCfg = Debug|x86
		{72569DB1-6C33-4354-8C74-584A214844E9}.Debug|x86.Build.0 = Debug|x86
		{72569DB1-6C33-4354-8C74-584A214844E9}.Release|Any CPU.ActiveCfg = Release|Any CPU
		{72569DB1-6C33-4354-8C74-584A214844E9}.Release|Any CPU.Build.0 = Release|Any CPU
		{72569DB1-6C33-4354-8C74-584A214844E9}.Release|ARM.ActiveCfg = Release|ARM
		{72569DB1-6C33-4354-8C74-584A214844E9}.Release|ARM.Build.0 = Release|ARM
		{72569DB1-6C33-4354-8C74-584A214844E9}.Release|Mixed Platforms.ActiveCfg = Release|x86
		{72569DB1-6C33-4354-8C74-584A214844E9}.Release|Mixed Platforms.Build.0 = Release|x86
		{72569DB1-6C33-4354-8C74-584A214844E9}.Release|x86.ActiveCfg = Release|x86
		{72569DB1-6C33-4354-8C74-584A214844E9}.Release|x86.Build.0 = Release|x86
		{DBA97455-37E6-444D-9250-5909C10EA65B}.Debug|Any CPU.ActiveCfg = Debug|Any CPU
		{DBA97455-37E6-444D-9250-5909C10EA65B}.Debug|Any CPU.Build.0 = Debug|Any CPU
		{DBA97455-37E6-444D-9250-5909C10EA65B}.Debug|ARM.ActiveCfg = Debug|ARM
		{DBA97455-37E6-444D-9250-5909C10EA65B}.Debug|ARM.Build.0 = Debug|ARM
		{DBA97455-37E6-444D-9250-5909C10EA65B}.Debug|Mixed Platforms.ActiveCfg = Debug|Any CPU
		{DBA97455-37E6-444D-9250-5909C10EA65B}.Debug|Mixed Platforms.Build.0 = Debug|Any CPU
		{DBA97455-37E6-444D-9250-5909C10EA65B}.Debug|x86.ActiveCfg = Debug|x86
		{DBA97455-37E6-444D-9250-5909C10EA65B}.Debug|x86.Build.0 = Debug|x86
		{DBA97455-37E6-444D-9250-5909C10EA65B}.Release|Any CPU.ActiveCfg = Release|Any CPU
		{DBA97455-37E6-444D-9250-5909C10EA65B}.Release|Any CPU.Build.0 = Release|Any CPU
		{DBA97455-37E6-444D-9250-5909C10EA65B}.Release|ARM.ActiveCfg = Release|ARM
		{DBA97455-37E6-444D-9250-5909C10EA65B}.Release|ARM.Build.0 = Release|ARM
		{DBA97455-37E6-444D-9250-5909C10EA65B}.Release|Mixed Platforms.ActiveCfg = Release|x86
		{DBA97455-37E6-444D-9250-5909C10EA65B}.Release|Mixed Platforms.Build.0 = Release|x86
		{DBA97455-37E6-444D-9250-5909C10EA65B}.Release|x86.ActiveCfg = Release|x86
		{DBA97455-37E6-444D-9250-5909C10EA65B}.Release|x86.Build.0 = Release|x86
		{3EF32B11-E309-4138-AC75-220C5164FC53}.Debug|Any CPU.ActiveCfg = Debug|Any CPU
		{3EF32B11-E309-4138-AC75-220C5164FC53}.Debug|Any CPU.Build.0 = Debug|Any CPU
		{3EF32B11-E309-4138-AC75-220C5164FC53}.Debug|ARM.ActiveCfg = Debug|ARM
		{3EF32B11-E309-4138-AC75-220C5164FC53}.Debug|ARM.Build.0 = Debug|ARM
		{3EF32B11-E309-4138-AC75-220C5164FC53}.Debug|Mixed Platforms.ActiveCfg = Debug|Any CPU
		{3EF32B11-E309-4138-AC75-220C5164FC53}.Debug|Mixed Platforms.Build.0 = Debug|Any CPU
		{3EF32B11-E309-4138-AC75-220C5164FC53}.Debug|x86.ActiveCfg = Debug|x86
		{3EF32B11-E309-4138-AC75-220C5164FC53}.Debug|x86.Build.0 = Debug|x86
		{3EF32B11-E309-4138-AC75-220C5164FC53}.Release|Any CPU.ActiveCfg = Release|Any CPU
		{3EF32B11-E309-4138-AC75-220C5164FC53}.Release|Any CPU.Build.0 = Release|Any CPU
		{3EF32B11-E309-4138-AC75-220C5164FC53}.Release|ARM.ActiveCfg = Release|ARM
		{3EF32B11-E309-4138-AC75-220C5164FC53}.Release|ARM.Build.0 = Release|ARM
		{3EF32B11-E309-4138-AC75-220C5164FC53}.Release|Mixed Platforms.ActiveCfg = Release|x86
		{3EF32B11-E309-4138-AC75-220C5164FC53}.Release|Mixed Platforms.Build.0 = Release|x86
		{3EF32B11-E309-4138-AC75-220C5164FC53}.Release|x86.ActiveCfg = Release|x86
		{3EF32B11-E309-4138-AC75-220C5164FC53}.Release|x86.Build.0 = Release|x86
	EndGlobalSection
	GlobalSection(SolutionProperties) = preSolution
		HideSolutionNode = FALSE
	EndGlobalSection
EndGlobal
